
Microsoft Visual Studio Solution File, Format Version 12.00
# Visual Studio Version 16
VisualStudioVersion = 16.0.30907.101
MinimumVisualStudioVersion = 10.0.40219.1
Project("{FAE04EC0-301F-11D3-BF4B-00C04F79EFBC}") = "Functions", "EzMath_AttemptToCreateMainLogic\Functions.csproj", "{AE1C4AE9-64A6-4A79-89A0-E6B8DF94F42F}"
EndProject
Global
	GlobalSection(SolutionConfigurationPlatforms) = preSolution
		Debug|Any CPU = Debug|Any CPU
		Release|Any CPU = Release|Any CPU
	EndGlobalSection
	GlobalSection(ProjectConfigurationPlatforms) = postSolution
		{AE1C4AE9-64A6-4A79-89A0-E6B8DF94F42F}.Debug|Any CPU.ActiveCfg = Debug|Any CPU
		{AE1C4AE9-64A6-4A79-89A0-E6B8DF94F42F}.Debug|Any CPU.Build.0 = Debug|Any CPU
		{AE1C4AE9-64A6-4A79-89A0-E6B8DF94F42F}.Release|Any CPU.ActiveCfg = Release|Any CPU
		{AE1C4AE9-64A6-4A79-89A0-E6B8DF94F42F}.Release|Any CPU.Build.0 = Release|Any CPU
	EndGlobalSection
	GlobalSection(SolutionProperties) = preSolution
		HideSolutionNode = FALSE
	EndGlobalSection
	GlobalSection(ExtensibilityGlobals) = postSolution
		SolutionGuid = {229B1E90-FF88-4A35-8B69-2144B179C3E5}
	EndGlobalSection
EndGlobal
